{
  "nodes": {
    "nixpkgs": {
      "locked": {
        "lastModified": 1694562957,
        "narHash": "sha256-ZvDt5bxX6Ga+TQ6kvK5WEn7OQN87KAsMaRrFSdReIm8=",
        "owner": "NixOS",
        "repo": "nixpkgs",
        "rev": "f4a33546bdb5f81bd6cceb1b3cb19667145fed83",
        "type": "github"
      },
      "original": {
        "id": "nixpkgs",
        "type": "indirect"
      }
    },
    "root": {
      "inputs": {
        "nixpkgs": "nixpkgs"
      }
    }
  },
  "root": "root",
  "version": 7
}
